github.com/dlorenc/is-even v0.0.0-20200609105651-12e3aaf45632 h1:nfrHwP3H/s1PkDRFhTK3QjmXjDYqA2w/Aq6Bjo7mlQU=
github.com/dlorenc/is-even v0.0.0-20200609105651-12e3aaf45632/go.mod h1:uksw5ySjMLrG05nyK63c7B4sjjN9z2rn/WPNPcVBZnk=
github.com/dlorenc/is-even v0.0.0-20200610123035-966ebf8febc2 h1:4EeQ3CXJkvaLwyymxOec9CO5RIzQyEFVg4v1eIAfMTs=
github.com/dlorenc/is-even v0.0.0-20200610123035-966ebf8febc2/go.mod h1:uksw5ySjMLrG05nyK63c7B4sjjN9z2rn/WPNPcVBZnk=
github.com/dlorenc/is-even v0.0.0-20200610123922-cac61caa43f2 h1:n/2eKpehqpQ9/iF2qY16yqJFHUhDlMlvUEnVHa98gJQ=
github.com/dlorenc/is-even v0.0.0-20200610123922-cac61caa43f2/go.mod h1:uksw5ySjMLrG05nyK63c7B4sjjN9z2rn/WPNPcVBZnk=
github.com/dlorenc/is-even v0.0.0-20200610124049-477be2e91168 h1:4pC7aoIVDxFSRAQIxxekGIkdYId8n5RTN4SBYxWEFwk=
github.com/dlorenc/is-even v0.0.0-20200610124049-477be2e91168/go.mod h1:uksw5ySjMLrG05nyK63c7B4sjjN9z2rn/WPNPcVBZnk=
